// !$*UTF8*$!
{
	archiveVersion = 1;
	classes = {
	};
	objectVersion = 56;
	objects = {

/* Begin PBXBuildFile section */
		6D8DB6E52B13EFFB009717C5 /* Golf_GamesApp.swift in Sources */ = {isa = PBXBuildFile; fileRef = 6D8DB6E42B13EFFB009717C5 /* Golf_GamesApp.swift */; };
		6D8DB6E72B13EFFB009717C5 /* ContentView.swift in Sources */ = {isa = PBXBuildFile; fileRef = 6D8DB6E62B13EFFB009717C5 /* ContentView.swift */; };
		6D8DB6E92B13EFFE009717C5 /* Assets.xcassets in Resources */ = {isa = PBXBuildFile; fileRef = 6D8DB6E82B13EFFE009717C5 /* Assets.xcassets */; };
		6D8DB6EC2B13EFFE009717C5 /* Preview Assets.xcassets in Resources */ = {isa = PBXBuildFile; fileRef = 6D8DB6EB2B13EFFE009717C5 /* Preview Assets.xcassets */; };
		6D8DB6F62B13EFFE009717C5 /* Golf_GamesTests.swift in Sources */ = {isa = PBXBuildFile; fileRef = 6D8DB6F52B13EFFE009717C5 /* Golf_GamesTests.swift */; };
		6D8DB7002B13EFFF009717C5 /* Golf_GamesUITests.swift in Sources */ = {isa = PBXBuildFile; fileRef = 6D8DB6FF2B13EFFF009717C5 /* Golf_GamesUITests.swift */; };
		6D8DB7022B13EFFF009717C5 /* Golf_GamesUITestsLaunchTests.swift in Sources */ = {isa = PBXBuildFile; fileRef = 6D8DB7012B13EFFF009717C5 /* Golf_GamesUITestsLaunchTests.swift */; };
/* End PBXBuildFile section */

/* Begin PBXContainerItemProxy section */
		6D8DB6F22B13EFFE009717C5 /* PBXContainerItemProxy */ = {
			isa = PBXContainerItemProxy;
			containerPortal = 6D8DB6D92B13EFFB009717C5 /* Project object */;
			proxyType = 1;
			remoteGlobalIDString = 6D8DB6E02B13EFFB009717C5;
			remoteInfo = "Golf Games";
		};
		6D8DB6FC2B13EFFF009717C5 /* PBXContainerItemProxy */ = {
			isa = PBXContainerItemProxy;
			containerPortal = 6D8DB6D92B13EFFB009717C5 /* Project object */;
			proxyType = 1;
			remoteGlobalIDString = 6D8DB6E02B13EFFB009717C5;
			remoteInfo = "Golf Games";
		};
/* End PBXContainerItemProxy section */

/* Begin PBXFileReference section */
		6D8DB6E12B13EFFB009717C5 /* Golf Games.app */ = {isa = PBXFileReference; explicitFileType = wrapper.application; includeInIndex = 0; path = "Golf Games.app"; sourceTree = BUILT_PRODUCTS_DIR; };
		6D8DB6E42B13EFFB009717C5 /* Golf_GamesApp.swift */ = {isa = PBXFileReference; lastKnownFileType = sourcecode.swift; path = Golf_GamesApp.swift; sourceTree = "<group>"; };
		6D8DB6E62B13EFFB009717C5 /* ContentView.swift */ = {isa = PBXFileReference; lastKnownFileType = sourcecode.swift; path = ContentView.swift; sourceTree = "<group>"; };
		6D8DB6E82B13EFFE009717C5 /* Assets.xcassets */ = {isa = PBXFileReference; lastKnownFileType = folder.assetcatalog; path = Assets.xcassets; sourceTree = "<group>"; };
		6D8DB6EB2B13EFFE009717C5 /* Preview Assets.xcassets */ = {isa = PBXFileReference; lastKnownFileType = folder.assetcatalog; path = "Preview Assets.xcassets"; sourceTree = "<group>"; };
		6D8DB6F12B13EFFE009717C5 /* Golf GamesTests.xctest */ = {isa = PBXFileReference; explicitFileType = wrapper.cfbundle; includeInIndex = 0; path = "Golf GamesTests.xctest"; sourceTree = BUILT_PRODUCTS_DIR; };
		6D8DB6F52B13EFFE009717C5 /* Golf_GamesTests.swift */ = {isa = PBXFileReference; lastKnownFileType = sourcecode.swift; path = Golf_GamesTests.swift; sourceTree = "<group>"; };
		6D8DB6FB2B13EFFF009717C5 /* Golf GamesUITests.xctest */ = {isa = PBXFileReference; explicitFileType = wrapper.cfbundle; includeInIndex = 0; path = "Golf GamesUITests.xctest"; sourceTree = BUILT_PRODUCTS_DIR; };
		6D8DB6FF2B13EFFF009717C5 /* Golf_GamesUITests.swift */ = {isa = PBXFileReference; lastKnownFileType = sourcecode.swift; path = Golf_GamesUITests.swift; sourceTree = "<group>"; };
		6D8DB7012B13EFFF009717C5 /* Golf_GamesUITestsLaunchTests.swift */ = {isa = PBXFileReference; lastKnownFileType = sourcecode.swift; path = Golf_GamesUITestsLaunchTests.swift; sourceTree = "<group>"; };
/* End PBXFileReference section */

/* Begin PBXFrameworksBuildPhase section */
		6D8DB6DE2B13EFFB009717C5 /* Frameworks */ = {
			isa = PBXFrameworksBuildPhase;
			buildActionMask = 2147483647;
			files = (
			);
			runOnlyForDeploymentPostprocessing = 0;
		};
		6D8DB6EE2B13EFFE009717C5 /* Frameworks */ = {
			isa = PBXFrameworksBuildPhase;
			buildActionMask = 2147483647;
			files = (
			);
			runOnlyForDeploymentPostprocessing = 0;
		};
		6D8DB6F82B13EFFF009717C5 /* Frameworks */ = {
			isa = PBXFrameworksBuildPhase;
			buildActionMask = 2147483647;
			files = (
			);
			runOnlyForDeploymentPostprocessing = 0;
		};
/* End PBXFrameworksBuildPhase section */

/* Begin PBXGroup section */
		6D8DB6D82B13EFFB009717C5 = {
			isa = PBXGroup;
			children = (
				6D8DB6E32B13EFFB009717C5 /* Golf Games */,
				6D8DB6F42B13EFFE009717C5 /* Golf GamesTests */,
				6D8DB6FE2B13EFFF009717C5 /* Golf GamesUITests */,
				6D8DB6E22B13EFFB009717C5 /* Products */,
			);
			sourceTree = "<group>";
		};
		6D8DB6E22B13EFFB009717C5 /* Products */ = {
			isa = PBXGroup;
			children = (
				6D8DB6E12B13EFFB009717C5 /* Golf Games.app */,
				6D8DB6F12B13EFFE009717C5 /* Golf GamesTests.xctest */,
				6D8DB6FB2B13EFFF009717C5 /* Golf GamesUITests.xctest */,
			);
			name = Products;
			sourceTree = "<group>";
		};
		6D8DB6E32B13EFFB009717C5 /* Golf Games */ = {
			isa = PBXGroup;
			children = (
				6D8DB6E42B13EFFB009717C5 /* Golf_GamesApp.swift */,
				6D8DB6E62B13EFFB009717C5 /* ContentView.swift */,
				6D8DB6E82B13EFFE009717C5 /* Assets.xcassets */,
				6D8DB6EA2B13EFFE009717C5 /* Preview Content */,
			);
			path = "Golf Games";
			sourceTree = "<group>";
		};
		6D8DB6EA2B13EFFE009717C5 /* Preview Content */ = {
			isa = PBXGroup;
			children = (
				6D8DB6EB2B13EFFE009717C5 /* Preview Assets.xcassets */,
			);
			path = "Preview Content";
			sourceTree = "<group>";
		};
		6D8DB6F42B13EFFE009717C5 /* Golf GamesTests */ = {
			isa = PBXGroup;
			children = (
				6D8DB6F52B13EFFE009717C5 /* Golf_GamesTests.swift */,
			);
			path = "Golf GamesTests";
			sourceTree = "<group>";
		};
		6D8DB6FE2B13EFFF009717C5 /* Golf GamesUITests */ = {
			isa = PBXGroup;
			children = (
				6D8DB6FF2B13EFFF009717C5 /* Golf_GamesUITests.swift */,
				6D8DB7012B13EFFF009717C5 /* Golf_GamesUITestsLaunchTests.swift */,
			);
			path = "Golf GamesUITests";
			sourceTree = "<group>";
		};
/* End PBXGroup section */

/* Begin PBXNativeTarget section */
		6D8DB6E02B13EFFB009717C5 /* Golf Games */ = {
			isa = PBXNativeTarget;
			buildConfigurationList = 6D8DB7052B13EFFF009717C5 /* Build configuration list for PBXNativeTarget "Golf Games" */;
			buildPhases = (
				6D8DB6DD2B13EFFB009717C5 /* Sources */,
				6D8DB6DE2B13EFFB009717C5 /* Frameworks */,
				6D8DB6DF2B13EFFB009717C5 /* Resources */,
			);
			buildRules = (
			);
			dependencies = (
			);
			name = "Golf Games";
			productName = "Golf Games";
			productReference = 6D8DB6E12B13EFFB009717C5 /* Golf Games.app */;
			productType = "com.apple.product-type.application";
		};
		6D8DB6F02B13EFFE009717C5 /* Golf GamesTests */ = {
			isa = PBXNativeTarget;
			buildConfigurationList = 6D8DB7082B13EFFF009717C5 /* Build configuration list for PBXNativeTarget "Golf GamesTests" */;
			buildPhases = (
				6D8DB6ED2B13EFFE009717C5 /* Sources */,
				6D8DB6EE2B13EFFE009717C5 /* Frameworks */,
				6D8DB6EF2B13EFFE009717C5 /* Resources */,
			);
			buildRules = (
			);
			dependencies = (
				6D8DB6F32B13EFFE009717C5 /* PBXTargetDependency */,
			);
			name = "Golf GamesTests";
			productName = "Golf GamesTests";
			productReference = 6D8DB6F12B13EFFE009717C5 /* Golf GamesTests.xctest */;
			productType = "com.apple.product-type.bundle.unit-test";
		};
		6D8DB6FA2B13EFFF009717C5 /* Golf GamesUITests */ = {
			isa = PBXNativeTarget;
			buildConfigurationList = 6D8DB70B2B13EFFF009717C5 /* Build configuration list for PBXNativeTarget "Golf GamesUITests" */;
			buildPhases = (
				6D8DB6F72B13EFFF009717C5 /* Sources */,
				6D8DB6F82B13EFFF009717C5 /* Frameworks */,
				6D8DB6F92B13EFFF009717C5 /* Resources */,
			);
			buildRules = (
			);
			dependencies = (
				6D8DB6FD2B13EFFF009717C5 /* PBXTargetDependency */,
			);
			name = "Golf GamesUITests";
			productName = "Golf GamesUITests";
			productReference = 6D8DB6FB2B13EFFF009717C5 /* Golf GamesUITests.xctest */;
			productType = "com.apple.product-type.bundle.ui-testing";
		};
/* End PBXNativeTarget section */

/* Begin PBXProject section */
		6D8DB6D92B13EFFB009717C5 /* Project object */ = {
			isa = PBXProject;
			attributes = {
				BuildIndependentTargetsInParallel = 1;
				LastSwiftUpdateCheck = 1500;
				LastUpgradeCheck = 1500;
				TargetAttributes = {
					6D8DB6E02B13EFFB009717C5 = {
						CreatedOnToolsVersion = 15.0.1;
					};
					6D8DB6F02B13EFFE009717C5 = {
						CreatedOnToolsVersion = 15.0.1;
						TestTargetID = 6D8DB6E02B13EFFB009717C5;
					};
					6D8DB6FA2B13EFFF009717C5 = {
						CreatedOnToolsVersion = 15.0.1;
						TestTargetID = 6D8DB6E02B13EFFB009717C5;
					};
				};
			};
			buildConfigurationList = 6D8DB6DC2B13EFFB009717C5 /* Build configuration list for PBXProject "Golf Games" */;
			compatibilityVersion = "Xcode 14.0";
			developmentRegion = en;
			hasScannedForEncodings = 0;
			knownRegions = (
				en,
				Base,
			);
			mainGroup = 6D8DB6D82B13EFFB009717C5;
			productRefGroup = 6D8DB6E22B13EFFB009717C5 /* Products */;
			projectDirPath = "";
			projectRoot = "";
			targets = (
				6D8DB6E02B13EFFB009717C5 /* Golf Games */,
				6D8DB6F02B13EFFE009717C5 /* Golf GamesTests */,
				6D8DB6FA2B13EFFF009717C5 /* Golf GamesUITests */,
			);
		};
/* End PBXProject section */

/* Begin PBXResourcesBuildPhase section */
		6D8DB6DF2B13EFFB009717C5 /* Resources */ = {
			isa = PBXResourcesBuildPhase;
			buildActionMask = 2147483647;
			files = (
				6D8DB6EC2B13EFFE009717C5 /* Preview Assets.xcassets in Resources */,
				6D8DB6E92B13EFFE009717C5 /* Assets.xcassets in Resources */,
			);
			runOnlyForDeploymentPostprocessing = 0;
		};
		6D8DB6EF2B13EFFE009717C5 /* Resources */ = {
			isa = PBXResourcesBuildPhase;
			buildActionMask = 2147483647;
			files = (
			);
			runOnlyForDeploymentPostprocessing = 0;
		};
		6D8DB6F92B13EFFF009717C5 /* Resources */ = {
			isa = PBXResourcesBuildPhase;
			buildActionMask = 2147483647;
			files = (
			);
			runOnlyForDeploymentPostprocessing = 0;
		};
/* End PBXResourcesBuildPhase section */

/* Begin PBXSourcesBuildPhase section */
		6D8DB6DD2B13EFFB009717C5 /* Sources */ = {
			isa = PBXSourcesBuildPhase;
			buildActionMask = 2147483647;
			files = (
				6D8DB6E72B13EFFB009717C5 /* ContentView.swift in Sources */,
				6D8DB6E52B13EFFB009717C5 /* Golf_GamesApp.swift in Sources */,
			);
			runOnlyForDeploymentPostprocessing = 0;
		};
		6D8DB6ED2B13EFFE009717C5 /* Sources */ = {
			isa = PBXSourcesBuildPhase;
			buildActionMask = 2147483647;
			files = (
				6D8DB6F62B13EFFE009717C5 /* Golf_GamesTests.swift in Sources */,
			);
			runOnlyForDeploymentPostprocessing = 0;
		};
		6D8DB6F72B13EFFF009717C5 /* Sources */ = {
			isa = PBXSourcesBuildPhase;
			buildActionMask = 2147483647;
			files = (
				6D8DB7022B13EFFF009717C5 /* Golf_GamesUITestsLaunchTests.swift in Sources */,
				6D8DB7002B13EFFF009717C5 /* Golf_GamesUITests.swift in Sources */,
			);
			runOnlyForDeploymentPostprocessing = 0;
		};
/* End PBXSourcesBuildPhase section */

/* Begin PBXTargetDependency section */
		6D8DB6F32B13EFFE009717C5 /* PBXTargetDependency */ = {
			isa = PBXTargetDependency;
			target = 6D8DB6E02B13EFFB009717C5 /* Golf Games */;
			targetProxy = 6D8DB6F22B13EFFE009717C5 /* PBXContainerItemProxy */;
		};
		6D8DB6FD2B13EFFF009717C5 /* PBXTargetDependency */ = {
			isa = PBXTargetDependency;
			target = 6D8DB6E02B13EFFB009717C5 /* Golf Games */;
			targetProxy = 6D8DB6FC2B13EFFF009717C5 /* PBXContainerItemProxy */;
		};
/* End PBXTargetDependency section */

/* Begin XCBuildConfiguration section */
		6D8DB7032B13EFFF009717C5 /* Debug */ = {
			isa = XCBuildConfiguration;
			buildSettings = {
				ALWAYS_SEARCH_USER_PATHS = NO;
				ASSETCATALOG_COMPILER_GENERATE_SWIFT_ASSET_SYMBOL_EXTENSIONS = YES;
				CLANG_ANALYZER_NONNULL = YES;
				CLANG_ANALYZER_NUMBER_OBJECT_CONVERSION = YES_AGGRESSIVE;
				CLANG_CXX_LANGUAGE_STANDARD = "gnu++20";
				CLANG_ENABLE_MODULES = YES;
				CLANG_ENABLE_OBJC_ARC = YES;
				CLANG_ENABLE_OBJC_WEAK = YES;
				CLANG_WARN_BLOCK_CAPTURE_AUTORELEASING = YES;
				CLANG_WARN_BOOL_CONVERSION = YES;
				CLANG_WARN_COMMA = YES;
				CLANG_WARN_CONSTANT_CONVERSION = YES;
				CLANG_WARN_DEPRECATED_OBJC_IMPLEMENTATIONS = YES;
				CLANG_WARN_DIRECT_OBJC_ISA_USAGE = YES_ERROR;
				CLANG_WARN_DOCUMENTATION_COMMENTS = YES;
				CLANG_WARN_EMPTY_BODY = YES;
				CLANG_WARN_ENUM_CONVERSION = YES;
				CLANG_WARN_INFINITE_RECURSION = YES;
				CLANG_WARN_INT_CONVERSION = YES;
				CLANG_WARN_NON_LITERAL_NULL_CONVERSION = YES;
				CLANG_WARN_OBJC_IMPLICIT_RETAIN_SELF = YES;
				CLANG_WARN_OBJC_LITERAL_CONVERSION = YES;
				CLANG_WARN_OBJC_ROOT_CLASS = YES_ERROR;
				CLANG_WARN_QUOTED_INCLUDE_IN_FRAMEWORK_HEADER = YES;
				CLANG_WARN_RANGE_LOOP_ANALYSIS = YES;
				CLANG_WARN_STRICT_PROTOTYPES = YES;
				CLANG_WARN_SUSPICIOUS_MOVE = YES;
				CLANG_WARN_UNGUARDED_AVAILABILITY = YES_AGGRESSIVE;
				CLANG_WARN_UNREACHABLE_CODE = YES;
				CLANG_WARN__DUPLICATE_METHOD_MATCH = YES;
				COPY_PHASE_STRIP = NO;
				DEBUG_INFORMATION_FORMAT = dwarf;
				ENABLE_STRICT_OBJC_MSGSEND = YES;
				ENABLE_TESTABILITY = YES;
				ENABLE_USER_SCRIPT_SANDBOXING = YES;
				GCC_C_LANGUAGE_STANDARD = gnu17;
				GCC_DYNAMIC_NO_PIC = NO;
				GCC_NO_COMMON_BLOCKS = YES;
				GCC_OPTIMIZATION_LEVEL = 0;
				GCC_PREPROCESSOR_DEFINITIONS = (
					"DEBUG=1",
					"$(inherited)",
				);
				GCC_WARN_64_TO_32_BIT_CONVERSION = YES;
				GCC_WARN_ABOUT_RETURN_TYPE = YES_ERROR;
				GCC_WARN_UNDECLARED_SELECTOR = YES;
				GCC_WARN_UNINITIALIZED_AUTOS = YES_AGGRESSIVE;
				GCC_WARN_UNUSED_FUNCTION = YES;
				GCC_WARN_UNUSED_VARIABLE = YES;
				IPHONEOS_DEPLOYMENT_TARGET = 17.0;
				LOCALIZATION_PREFERS_STRING_CATALOGS = YES;
				MTL_ENABLE_DEBUG_INFO = INCLUDE_SOURCE;
				MTL_FAST_MATH = YES;
				ONLY_ACTIVE_ARCH = YES;
				SDKROOT = iphoneos;
				SWIFT_ACTIVE_COMPILATION_CONDITIONS = "DEBUG $(inherited)";
				SWIFT_OPTIMIZATION_LEVEL = "-Onone";
			};
			name = Debug;
		};
		6D8DB7042B13EFFF009717C5 /* Release */ = {
			isa = XCBuildConfiguration;
			buildSettings = {
				ALWAYS_SEARCH_USER_PATHS = NO;
				ASSETCATALOG_COMPILER_GENERATE_SWIFT_ASSET_SYMBOL_EXTENSIONS = YES;
				CLANG_ANALYZER_NONNULL = YES;
				CLANG_ANALYZER_NUMBER_OBJECT_CONVERSION = YES_AGGRESSIVE;
				CLANG_CXX_LANGUAGE_STANDARD = "gnu++20";
				CLANG_ENABLE_MODULES = YES;
				CLANG_ENABLE_OBJC_ARC = YES;
				CLANG_ENABLE_OBJC_WEAK = YES;
				CLANG_WARN_BLOCK_CAPTURE_AUTORELEASING = YES;
				CLANG_WARN_BOOL_CONVERSION = YES;
				CLANG_WARN_COMMA = YES;
				CLANG_WARN_CONSTANT_CONVERSION = YES;
				CLANG_WARN_DEPRECATED_OBJC_IMPLEMENTATIONS = YES;
				CLANG_WARN_DIRECT_OBJC_ISA_USAGE = YES_ERROR;
				CLANG_WARN_DOCUMENTATION_COMMENTS = YES;
				CLANG_WARN_EMPTY_BODY = YES;
				CLANG_WARN_ENUM_CONVERSION = YES;
				CLANG_WARN_INFINITE_RECURSION = YES;
				CLANG_WARN_INT_CONVERSION = YES;
				CLANG_WARN_NON_LITERAL_NULL_CONVERSION = YES;
				CLANG_WARN_OBJC_IMPLICIT_RETAIN_SELF = YES;
				CLANG_WARN_OBJC_LITERAL_CONVERSION = YES;
				CLANG_WARN_OBJC_ROOT_CLASS = YES_ERROR;
				CLANG_WARN_QUOTED_INCLUDE_IN_FRAMEWORK_HEADER = YES;
				CLANG_WARN_RANGE_LOOP_ANALYSIS = YES;
				CLANG_WARN_STRICT_PROTOTYPES = YES;
				CLANG_WARN_SUSPICIOUS_MOVE = YES;
				CLANG_WARN_UNGUARDED_AVAILABILITY = YES_AGGRESSIVE;
				CLANG_WARN_UNREACHABLE_CODE = YES;
				CLANG_WARN__DUPLICATE_METHOD_MATCH = YES;
				COPY_PHASE_STRIP = NO;
				DEBUG_INFORMATION_FORMAT = "dwarf-with-dsym";
				ENABLE_NS_ASSERTIONS = NO;
				ENABLE_STRICT_OBJC_MSGSEND = YES;
				ENABLE_USER_SCRIPT_SANDBOXING = YES;
				GCC_C_LANGUAGE_STANDARD = gnu17;
				GCC_NO_COMMON_BLOCKS = YES;
				GCC_WARN_64_TO_32_BIT_CONVERSION = YES;
				GCC_WARN_ABOUT_RETURN_TYPE = YES_ERROR;
				GCC_WARN_UNDECLARED_SELECTOR = YES;
				GCC_WARN_UNINITIALIZED_AUTOS = YES_AGGRESSIVE;
				GCC_WARN_UNUSED_FUNCTION = YES;
				GCC_WARN_UNUSED_VARIABLE = YES;
				IPHONEOS_DEPLOYMENT_TARGET = 17.0;
				LOCALIZATION_PREFERS_STRING_CATALOGS = YES;
				MTL_ENABLE_DEBUG_INFO = NO;
				MTL_FAST_MATH = YES;
				SDKROOT = iphoneos;
				SWIFT_COMPILATION_MODE = wholemodule;
				VALIDATE_PRODUCT = YES;
			};
			name = Release;
		};
		6D8DB7062B13EFFF009717C5 /* Debug */ = {
			isa = XCBuildConfiguration;
			buildSettings = {
				ASSETCATALOG_COMPILER_APPICON_NAME = AppIcon;
				ASSETCATALOG_COMPILER_GLOBAL_ACCENT_COLOR_NAME = AccentColor;
				CODE_SIGN_STYLE = Automatic;
				CURRENT_PROJECT_VERSION = 1;
				DEVELOPMENT_ASSET_PATHS = "\"Golf Games/Preview Content\"";
				DEVELOPMENT_TEAM = RH76DKF8WG;
				ENABLE_PREVIEWS = YES;
				GENERATE_INFOPLIST_FILE = YES;
				INFOPLIST_KEY_UIApplicationSceneManifest_Generation = YES;
				INFOPLIST_KEY_UIApplicationSupportsIndirectInputEvents = YES;
				INFOPLIST_KEY_UILaunchScreen_Generation = YES;
				INFOPLIST_KEY_UISupportedInterfaceOrientations_iPad = "UIInterfaceOrientationPortrait UIInterfaceOrientationPortraitUpsideDown UIInterfaceOrientationLandscapeLeft UIInterfaceOrientationLandscapeRight";
				INFOPLIST_KEY_UISupportedInterfaceOrientations_iPhone = "UIInterfaceOrientationPortrait UIInterfaceOrientationLandscapeLeft UIInterfaceOrientationLandscapeRight";
				LD_RUNPATH_SEARCH_PATHS = (
					"$(inherited)",
					"@executable_path/Frameworks",
				);
				MARKETING_VERSION = 1.0;
				PRODUCT_BUNDLE_IDENTIFIER = "golfgames.Golf-Games";
				PRODUCT_NAME = "$(TARGET_NAME)";
				SWIFT_EMIT_LOC_STRINGS = YES;
				SWIFT_VERSION = 5.0;
				TARGETED_DEVICE_FAMILY = "1,2";
			};
			name = Debug;
		};
		6D8DB7072B13EFFF009717C5 /* Release */ = {
			isa = XCBuildConfiguration;
			buildSettings = {
				ASSETCATALOG_COMPILER_APPICON_NAME = AppIcon;
				ASSETCATALOG_COMPILER_GLOBAL_ACCENT_COLOR_NAME = AccentColor;
				CODE_SIGN_STYLE = Automatic;
				CURRENT_PROJECT_VERSION = 1;
				DEVELOPMENT_ASSET_PATHS = "\"Golf Games/Preview Content\"";
				DEVELOPMENT_TEAM = RH76DKF8WG;
				ENABLE_PREVIEWS = YES;
				GENERATE_INFOPLIST_FILE = YES;
				INFOPLIST_KEY_UIApplicationSceneManifest_Generation = YES;
				INFOPLIST_KEY_UIApplicationSupportsIndirectInputEvents = YES;
				INFOPLIST_KEY_UILaunchScreen_Generation = YES;
				INFOPLIST_KEY_UISupportedInterfaceOrientations_iPad = "UIInterfaceOrientationPortrait UIInterfaceOrientationPortraitUpsideDown UIInterfaceOrientationLandscapeLeft UIInterfaceOrientationLandscapeRight";
				INFOPLIST_KEY_UISupportedInterfaceOrientations_iPhone = "UIInterfaceOrientationPortrait UIInterfaceOrientationLandscapeLeft UIInterfaceOrientationLandscapeRight";
				LD_RUNPATH_SEARCH_PATHS = (
					"$(inherited)",
					"@executable_path/Frameworks",
				);
				MARKETING_VERSION = 1.0;
				PRODUCT_BUNDLE_IDENTIFIER = "golfgames.Golf-Games";
				PRODUCT_NAME = "$(TARGET_NAME)";
				SWIFT_EMIT_LOC_STRINGS = YES;
				SWIFT_VERSION = 5.0;
				TARGETED_DEVICE_FAMILY = "1,2";
			};
			name = Release;
		};
		6D8DB7092B13EFFF009717C5 /* Debug */ = {
			isa = XCBuildConfiguration;
			buildSettings = {
				ALWAYS_EMBED_SWIFT_STANDARD_LIBRARIES = YES;
				BUNDLE_LOADER = "$(TEST_HOST)";
				CODE_SIGN_STYLE = Automatic;
				CURRENT_PROJECT_VERSION = 1;
				DEVELOPMENT_TEAM = RH76DKF8WG;
				GENERATE_INFOPLIST_FILE = YES;
				IPHONEOS_DEPLOYMENT_TARGET = 17.0;
				MARKETING_VERSION = 1.0;
				PRODUCT_BUNDLE_IDENTIFIER = "golfgames.Golf-GamesTests";
				PRODUCT_NAME = "$(TARGET_NAME)";
				SWIFT_EMIT_LOC_STRINGS = NO;
				SWIFT_VERSION = 5.0;
				TARGETED_DEVICE_FAMILY = "1,2";
				TEST_HOST = "$(BUILT_PRODUCTS_DIR)/Golf Games.app/$(BUNDLE_EXECUTABLE_FOLDER_PATH)/Golf Games";
			};
			name = Debug;
		};
		6D8DB70A2B13EFFF009717C5 /* Release */ = {
			isa = XCBuildConfiguration;
			buildSettings = {
				ALWAYS_EMBED_SWIFT_STANDARD_LIBRARIES = YES;
				BUNDLE_LOADER = "$(TEST_HOST)";
				CODE_SIGN_STYLE = Automatic;
				CURRENT_PROJECT_VERSION = 1;
				DEVELOPMENT_TEAM = RH76DKF8WG;
				GENERATE_INFOPLIST_FILE = YES;
				IPHONEOS_DEPLOYMENT_TARGET = 17.0;
				MARKETING_VERSION = 1.0;
				PRODUCT_BUNDLE_IDENTIFIER = "golfgames.Golf-GamesTests";
				PRODUCT_NAME = "$(TARGET_NAME)";
				SWIFT_EMIT_LOC_STRINGS = NO;
				SWIFT_VERSION = 5.0;
				TARGETED_DEVICE_FAMILY = "1,2";
				TEST_HOST = "$(BUILT_PRODUCTS_DIR)/Golf Games.app/$(BUNDLE_EXECUTABLE_FOLDER_PATH)/Golf Games";
			};
			name = Release;
		};
		6D8DB70C2B13EFFF009717C5 /* Debug */ = {
			isa = XCBuildConfiguration;
			buildSettings = {
				ALWAYS_EMBED_SWIFT_STANDARD_LIBRARIES = YES;
				CODE_SIGN_STYLE = Automatic;
				CURRENT_PROJECT_VERSION = 1;
				DEVELOPMENT_TEAM = RH76DKF8WG;
				GENERATE_INFOPLIST_FILE = YES;
				MARKETING_VERSION = 1.0;
				PRODUCT_BUNDLE_IDENTIFIER = "golfgames.Golf-GamesUITests";
				PRODUCT_NAME = "$(TARGET_NAME)";
				SWIFT_EMIT_LOC_STRINGS = NO;
				SWIFT_VERSION = 5.0;
				TARGETED_DEVICE_FAMILY = "1,2";
				TEST_TARGET_NAME = "Golf Games";
			};
			name = Debug;
		};
		6D8DB70D2B13EFFF009717C5 /* Release */ = {
			isa = XCBuildConfiguration;
			buildSettings = {
				ALWAYS_EMBED_SWIFT_STANDARD_LIBRARIES = YES;
				CODE_SIGN_STYLE = Automatic;
				CURRENT_PROJECT_VERSION = 1;
				DEVELOPMENT_TEAM = RH76DKF8WG;
				GENERATE_INFOPLIST_FILE = YES;
				MARKETING_VERSION = 1.0;
				PRODUCT_BUNDLE_IDENTIFIER = "golfgames.Golf-GamesUITests";
				PRODUCT_NAME = "$(TARGET_NAME)";
				SWIFT_EMIT_LOC_STRINGS = NO;
				SWIFT_VERSION = 5.0;
				TARGETED_DEVICE_FAMILY = "1,2";
				TEST_TARGET_NAME = "Golf Games";
			};
			name = Release;
		};
/* End XCBuildConfiguration section */

/* Begin XCConfigurationList section */
		6D8DB6DC2B13EFFB009717C5 /* Build configuration list for PBXProject "Golf Games" */ = {
			isa = XCConfigurationList;
			buildConfigurations = (
				6D8DB7032B13EFFF009717C5 /* Debug */,
				6D8DB7042B13EFFF009717C5 /* Release */,
			);
			defaultConfigurationIsVisible = 0;
			defaultConfigurationName = Release;
		};
		6D8DB7052B13EFFF009717C5 /* Build configuration list for PBXNativeTarget "Golf Games" */ = {
			isa = XCConfigurationList;
			buildConfigurations = (
				6D8DB7062B13EFFF009717C5 /* Debug */,
				6D8DB7072B13EFFF009717C5 /* Release */,
			);
			defaultConfigurationIsVisible = 0;
			defaultConfigurationName = Release;
		};
		6D8DB7082B13EFFF009717C5 /* Build configuration list for PBXNativeTarget "Golf GamesTests" */ = {
			isa = XCConfigurationList;
			buildConfigurations = (
				6D8DB7092B13EFFF009717C5 /* Debug */,
				6D8DB70A2B13EFFF009717C5 /* Release */,
			);
			defaultConfigurationIsVisible = 0;
			defaultConfigurationName = Release;
		};
		6D8DB70B2B13EFFF009717C5 /* Build configuration list for PBXNativeTarget "Golf GamesUITests" */ = {
			isa = XCConfigurationList;
			buildConfigurations = (
				6D8DB70C2B13EFFF009717C5 /* Debug */,
				6D8DB70D2B13EFFF009717C5 /* Release */,
			);
			defaultConfigurationIsVisible = 0;
			defaultConfigurationName = Release;
		};
/* End XCConfigurationList section */
	};
	rootObject = 6D8DB6D92B13EFFB009717C5 /* Project object */;
}
